
Microsoft Visual Studio Solution File, Format Version 12.00
# Visual Studio Version 16
VisualStudioVersion = 16.0.33801.447
MinimumVisualStudioVersion = 10.0.40219.1
Project("{FAE04EC0-301F-11D3-BF4B-00C04F79EFBC}") = "StackShell", "StackShell\StackShell.csproj", "{4ECD8F2B-F0B5-4326-9B4C-75D8FA064D89}"
EndProject
Project("{FAE04EC0-301F-11D3-BF4B-00C04F79EFBC}") = "Std", "Std\Std.csproj", "{51001240-B639-4AB9-8467-8B56CBB37DC0}"
EndProject
Project("{FAE04EC0-301F-11D3-BF4B-00C04F79EFBC}") = "Math", "Math\Math.csproj", "{7543DF69-58EB-447A-A5E0-8ED2A16AFCFE}"
EndProject
Global
	GlobalSection(SolutionConfigurationPlatforms) = preSolution
		Debug|Any CPU = Debug|Any CPU
		Release|Any CPU = Release|Any CPU
	EndGlobalSection
	GlobalSection(ProjectConfigurationPlatforms) = postSolution
		{4ECD8F2B-F0B5-4326-9B4C-75D8FA064D89}.Debug|Any CPU.ActiveCfg = Debug|Any CPU
		{4ECD8F2B-F0B5-4326-9B4C-75D8FA064D89}.Debug|Any CPU.Build.0 = Debug|Any CPU
		{4ECD8F2B-F0B5-4326-9B4C-75D8FA064D89}.Release|Any CPU.ActiveCfg = Release|Any CPU
		{4ECD8F2B-F0B5-4326-9B4C-75D8FA064D89}.Release|Any CPU.Build.0 = Release|Any CPU
		{51001240-B639-4AB9-8467-8B56CBB37DC0}.Debug|Any CPU.ActiveCfg = Debug|Any CPU
		{51001240-B639-4AB9-8467-8B56CBB37DC0}.Debug|Any CPU.Build.0 = Debug|Any CPU
		{51001240-B639-4AB9-8467-8B56CBB37DC0}.Release|Any CPU.ActiveCfg = Release|Any CPU
		{51001240-B639-4AB9-8467-8B56CBB37DC0}.Release|Any CPU.Build.0 = Release|Any CPU
		{7543DF69-58EB-447A-A5E0-8ED2A16AFCFE}.Debug|Any CPU.ActiveCfg = Debug|Any CPU
		{7543DF69-58EB-447A-A5E0-8ED2A16AFCFE}.Debug|Any CPU.Build.0 = Debug|Any CPU
		{7543DF69-58EB-447A-A5E0-8ED2A16AFCFE}.Release|Any CPU.ActiveCfg = Release|Any CPU
		{7543DF69-58EB-447A-A5E0-8ED2A16AFCFE}.Release|Any CPU.Build.0 = Release|Any CPU
	EndGlobalSection
	GlobalSection(SolutionProperties) = preSolution
		HideSolutionNode = FALSE
	EndGlobalSection
	GlobalSection(ExtensibilityGlobals) = postSolution
		SolutionGuid = {2F0F723B-BCED-459F-8CB8-08B69C8BCFBC}
	EndGlobalSection
EndGlobal
